
Microsoft Visual Studio Solution File, Format Version 12.00
# Visual Studio Version 17
VisualStudioVersion = 17.0.32014.148
MinimumVisualStudioVersion = 10.0.40219.1
Project("{9A19103F-16F7-4668-BE54-9A1E7A4F7556}") = "InterimProject", "InterimProject\InterimProject.csproj", "{3E9456FB-6954-4C8C-A103-F37B8E597D42}"
EndProject
Project("{9A19103F-16F7-4668-BE54-9A1E7A4F7556}") = "InterimProject.Models", "InterimProject.Models\InterimProject.Models.csproj", "{3C47434F-DA61-49DD-96DB-57F63DBCE39D}"
EndProject
Project("{9A19103F-16F7-4668-BE54-9A1E7A4F7556}") = "InterimProject.Services", "InterimProject.Services\InterimProject.Services.csproj", "{130C81CC-8EBE-4536-B8DF-044BDADED5D4}"
EndProject
Global
	GlobalSection(SolutionConfigurationPlatforms) = preSolution
		Debug|Any CPU = Debug|Any CPU
		Release|Any CPU = Release|Any CPU
	EndGlobalSection
	GlobalSection(ProjectConfigurationPlatforms) = postSolution
		{3E9456FB-6954-4C8C-A103-F37B8E597D42}.Debug|Any CPU.ActiveCfg = Debug|Any CPU
		{3E9456FB-6954-4C8C-A103-F37B8E597D42}.Debug|Any CPU.Build.0 = Debug|Any CPU
		{3E9456FB-6954-4C8C-A103-F37B8E597D42}.Release|Any CPU.ActiveCfg = Release|Any CPU
		{3E9456FB-6954-4C8C-A103-F37B8E597D42}.Release|Any CPU.Build.0 = Release|Any CPU
		{3C47434F-DA61-49DD-96DB-57F63DBCE39D}.Debug|Any CPU.ActiveCfg = Debug|Any CPU
		{3C47434F-DA61-49DD-96DB-57F63DBCE39D}.Debug|Any CPU.Build.0 = Debug|Any CPU
		{3C47434F-DA61-49DD-96DB-57F63DBCE39D}.Release|Any CPU.ActiveCfg = Release|Any CPU
		{3C47434F-DA61-49DD-96DB-57F63DBCE39D}.Release|Any CPU.Build.0 = Release|Any CPU
		{130C81CC-8EBE-4536-B8DF-044BDADED5D4}.Debug|Any CPU.ActiveCfg = Debug|Any CPU
		{130C81CC-8EBE-4536-B8DF-044BDADED5D4}.Debug|Any CPU.Build.0 = Debug|Any CPU
		{130C81CC-8EBE-4536-B8DF-044BDADED5D4}.Release|Any CPU.ActiveCfg = Release|Any CPU
		{130C81CC-8EBE-4536-B8DF-044BDADED5D4}.Release|Any CPU.Build.0 = Release|Any CPU
	EndGlobalSection
	GlobalSection(SolutionProperties) = preSolution
		HideSolutionNode = FALSE
	EndGlobalSection
	GlobalSection(ExtensibilityGlobals) = postSolution
		SolutionGuid = {CB18F69F-5539-4282-9F3E-9329BA9F595D}
	EndGlobalSection
EndGlobal
